// !$*UTF8*$!
{
	archiveVersion = 1; classes = {}; objectVersion = 56;
	objects = {
		A045423163564E56999E1FED /* AppDelegate.swift in Sources */ = {isa = PBXBuildFile; fileRef = BBCDD2C9FFDE4EEB93313F6E /* AppDelegate.swift */; };
		BF89D909DE274A4E8C0D9DDB /* AppState.swift in Sources */ = {isa = PBXBuildFile; fileRef = B167AD6D09174CE5B6A3BBD7 /* AppState.swift */; };
		AFCA21AC36B34DABAB793B0B /* MenuBarContentView.swift in Sources */ = {isa = PBXBuildFile; fileRef = 61E13CE3B6174FC6971EF9A3 /* MenuBarContentView.swift */; };
		3DFB437F36CA43B8B9CE2F23 /* zToolsApp.swift in Sources */ = {isa = PBXBuildFile; fileRef = 230976E192134F98A5C002FB /* zToolsApp.swift */; };
		5BD3D6C8D977455AA6603D8B /* HotKeyManager.swift in Sources */ = {isa = PBXBuildFile; fileRef = 4523B1FD55EB4B619339CEEE /* HotKeyManager.swift */; };
		A16B9226DB154269A381E3E1 /* KeyChord.swift in Sources */ = {isa = PBXBuildFile; fileRef = 96745A6DDE83486784360D86 /* KeyChord.swift */; };
		1330CB660D5741EAB82A2AAA /* PermissionHelper.swift in Sources */ = {isa = PBXBuildFile; fileRef = 2B12462FE88E4C72A167ADA1 /* PermissionHelper.swift */; };
		93DD7B280CA8407B9A443ED3 /* SelectionHelper.swift in Sources */ = {isa = PBXBuildFile; fileRef = C1F5642232F04A859D70AD92 /* SelectionHelper.swift */; };
		C8F6AC16F3CE481EAA063CFA /* KeychainStore.swift in Sources */ = {isa = PBXBuildFile; fileRef = 3DBE6452DF494483899B0B46 /* KeychainStore.swift */; };
		5A904023B16B4ACCBCA74A94 /* LaunchAtLogin.swift in Sources */ = {isa = PBXBuildFile; fileRef = 60A73096E8434D69ACA1C1CC /* LaunchAtLogin.swift */; };
		772A21DABB9F42E585AD6F04 /* SettingsStore.swift in Sources */ = {isa = PBXBuildFile; fileRef = 1F87485AF1EC43D18DB40CE0 /* SettingsStore.swift */; };
		AAAAAAA20000000000000001 /* AppInfo.swift in Sources */ = {isa = PBXBuildFile; fileRef = AAAAAAA20000000000000002 /* AppInfo.swift */; };
		214E9BF372414EC78040F8C2 /* ClipboardStore.swift in Sources */ = {isa = PBXBuildFile; fileRef = 7395E0C47AE5491BA915FA1B /* ClipboardStore.swift */; };
		8E4D451E280C413B8BA638DE /* ClipboardView.swift in Sources */ = {isa = PBXBuildFile; fileRef = BD7289B44E324A5093B2BE2E /* ClipboardView.swift */; };
		3B3BDF1F00624C4FAFD1BE3D /* ColorHistoryStore.swift in Sources */ = {isa = PBXBuildFile; fileRef = 688E46077D6B4428B72D9D9A /* ColorHistoryStore.swift */; };
		D1BFFA853D23431E92531214 /* ColorPickerService.swift in Sources */ = {isa = PBXBuildFile; fileRef = C9B45AF0940349AC9D3BA691 /* ColorPickerService.swift */; };
		9A2FC26E53334B4288AFEF4E /* OCRService.swift in Sources */ = {isa = PBXBuildFile; fileRef = 9EE0EC01BCA648068B730890 /* OCRService.swift */; };
		0B14EEE811254E36AF22AAF1 /* AnnotationCanvas.swift in Sources */ = {isa = PBXBuildFile; fileRef = 37D33A55713842E1BD7FCC03 /* AnnotationCanvas.swift */; };
		9F891F0B488940F9A5C5BB43 /* AnnotationModels.swift in Sources */ = {isa = PBXBuildFile; fileRef = ED5EFC18D3A745F9A87C397B /* AnnotationModels.swift */; };
		A94C9041D8DB431B9ED0B586 /* PinnedImageController.swift in Sources */ = {isa = PBXBuildFile; fileRef = 8736382FE4C246BC89C4A6AC /* PinnedImageController.swift */; };
		76BA1D45720641BB96750F40 /* RetinaImage.swift in Sources */ = {isa = PBXBuildFile; fileRef = 5B8F5793251C419E8DD95480 /* RetinaImage.swift */; };
		8389703B77FB47CD880E13DA /* ScreenshotEditorController.swift in Sources */ = {isa = PBXBuildFile; fileRef = 09719F5E20E14BD582D595A6 /* ScreenshotEditorController.swift */; };
		A2D9774B61E34EC0A3C5C895 /* ScreenshotEditorView.swift in Sources */ = {isa = PBXBuildFile; fileRef = 5417A78FEF4B4D2DAA0326DC /* ScreenshotEditorView.swift */; };
		25644FB323DB4A0FB2A479E0 /* ScreenshotService.swift in Sources */ = {isa = PBXBuildFile; fileRef = 60660D43E2364217BB9AAAF1 /* ScreenshotService.swift */; };
		ADC16FA6CFD44D179ED130C0 /* ScreenshotSettings.swift in Sources */ = {isa = PBXBuildFile; fileRef = FEB20641AF684CD49D74E2BC /* ScreenshotSettings.swift */; };
		AAAAAAA10000000000000001 /* EditorDraftStore.swift in Sources */ = {isa = PBXBuildFile; fileRef = AAAAAAA10000000000000002 /* EditorDraftStore.swift */; };
		D30F8403F3A5484F9562EBD6 /* HotKeyRecorderView.swift in Sources */ = {isa = PBXBuildFile; fileRef = C892BEADA05E4F55A416A7F4 /* HotKeyRecorderView.swift */; };
		889759B3818D41949807C102 /* SettingsView.swift in Sources */ = {isa = PBXBuildFile; fileRef = 4272B4B4AF0D4F2D8C0410C7 /* SettingsView.swift */; };
		AC6DE476A61B4C9AA3F6232F /* SettingsWindowController.swift in Sources */ = {isa = PBXBuildFile; fileRef = D3E93B60C92A4F35A0DBA53B /* SettingsWindowController.swift */; };
		81D96459B8044384A1CD881F /* TimestampView.swift in Sources */ = {isa = PBXBuildFile; fileRef = 146C92C0D63146B693E03B52 /* TimestampView.swift */; };
		AAAAAAA40000000000000001 /* NoteStore.swift in Sources */ = {isa = PBXBuildFile; fileRef = AAAAAAA40000000000000002 /* NoteStore.swift */; };
		AAAAAAA40000000000000003 /* NoteView.swift in Sources */ = {isa = PBXBuildFile; fileRef = AAAAAAA40000000000000004 /* NoteView.swift */; };
		9B8C6732E2FC49B89C49704E /* TranslateView.swift in Sources */ = {isa = PBXBuildFile; fileRef = D35DC8D6538146358AF81586 /* TranslateView.swift */; };
		DF7CB462EEE7402CB47671EE /* CommandPaletteController.swift in Sources */ = {isa = PBXBuildFile; fileRef = BAA5995D815645D996322B9C /* CommandPaletteController.swift */; };
		4682E0892F8041A4BCDA2A64 /* FloatingBallController.swift in Sources */ = {isa = PBXBuildFile; fileRef = 743CC1BF35C448408D1F0709 /* FloatingBallController.swift */; };
		FF4F1770842C4338A0CE9728 /* ZToolsLogo.swift in Sources */ = {isa = PBXBuildFile; fileRef = 2D32B580F1EE4AABBB735B41 /* ZToolsLogo.swift */; };
		6F364F8A2CC04388A3FE02A4 /* ToolPanelController.swift in Sources */ = {isa = PBXBuildFile; fileRef = 39BBEB5E56964A08AF991A90 /* ToolPanelController.swift */; };
		182B943C9E6B4F37BBE51073 /* AIProvider.swift in Sources */ = {isa = PBXBuildFile; fileRef = AF8591074500490B97C03870 /* AIProvider.swift */; };
		F4AD1093540447329494D84C /* TranslateService.swift in Sources */ = {isa = PBXBuildFile; fileRef = 4B0C6F02BD4948368943E0CC /* TranslateService.swift */; };
		F9869D970A064E1C90B3E1FA /* PasteboardMonitor.swift in Sources */ = {isa = PBXBuildFile; fileRef = 43445E56DCCA4003AF8C8A4A /* PasteboardMonitor.swift */; };
		DFC2E31937E940B09B533156 /* URLRouter.swift in Sources */ = {isa = PBXBuildFile; fileRef = 0F2B8967BAFD4AA3A90B0E42 /* URLRouter.swift */; };
		ABAF1148B7E4479CB32986FE /* UpdateChecker.swift in Sources */ = {isa = PBXBuildFile; fileRef = 3951364987144E3EBC7A06D7 /* UpdateChecker.swift */; };
		514F31ECC198422F82AFC664 /* Assets.xcassets in Resources */ = {isa = PBXBuildFile; fileRef = CDF6842B4AA54DEDBC62A08F /* Assets.xcassets */; };
		AAAAAAA30000000000000002 /* Localizable.xcstrings in Resources */ = {isa = PBXBuildFile; fileRef = AAAAAAA30000000000000001 /* Localizable.xcstrings */; };
		BBBBBBBB0000000000000001 /* ClipboardStoreTests.swift in Sources */ = {isa = PBXBuildFile; fileRef = AAAAAAAA0000000000000001 /* ClipboardStoreTests.swift */; };
		BBBBBBBB0000000000000002 /* ScreenCoordinateTests.swift in Sources */ = {isa = PBXBuildFile; fileRef = AAAAAAAA0000000000000002 /* ScreenCoordinateTests.swift */; };
		BBBBBBBB0000000000000003 /* KeyChordTests.swift in Sources */ = {isa = PBXBuildFile; fileRef = AAAAAAAA0000000000000003 /* KeyChordTests.swift */; };
		AAAAAAA40000000000000007 /* NoteStoreTests.swift in Sources */ = {isa = PBXBuildFile; fileRef = AAAAAAA40000000000000006 /* NoteStoreTests.swift */; };
		BBCDD2C9FFDE4EEB93313F6E /* AppDelegate.swift */ = {isa = PBXFileReference; lastKnownFileType = sourcecode.swift; path = AppDelegate.swift; sourceTree = "<group>"; };
		B167AD6D09174CE5B6A3BBD7 /* AppState.swift */ = {isa = PBXFileReference; lastKnownFileType = sourcecode.swift; path = AppState.swift; sourceTree = "<group>"; };
		61E13CE3B6174FC6971EF9A3 /* MenuBarContentView.swift */ = {isa = PBXFileReference; lastKnownFileType = sourcecode.swift; path = MenuBarContentView.swift; sourceTree = "<group>"; };
		230976E192134F98A5C002FB /* zToolsApp.swift */ = {isa = PBXFileReference; lastKnownFileType = sourcecode.swift; path = zToolsApp.swift; sourceTree = "<group>"; };
		4523B1FD55EB4B619339CEEE /* HotKeyManager.swift */ = {isa = PBXFileReference; lastKnownFileType = sourcecode.swift; path = HotKeyManager.swift; sourceTree = "<group>"; };
		96745A6DDE83486784360D86 /* KeyChord.swift */ = {isa = PBXFileReference; lastKnownFileType = sourcecode.swift; path = KeyChord.swift; sourceTree = "<group>"; };
		2B12462FE88E4C72A167ADA1 /* PermissionHelper.swift */ = {isa = PBXFileReference; lastKnownFileType = sourcecode.swift; path = PermissionHelper.swift; sourceTree = "<group>"; };
		C1F5642232F04A859D70AD92 /* SelectionHelper.swift */ = {isa = PBXFileReference; lastKnownFileType = sourcecode.swift; path = SelectionHelper.swift; sourceTree = "<group>"; };
		3DBE6452DF494483899B0B46 /* KeychainStore.swift */ = {isa = PBXFileReference; lastKnownFileType = sourcecode.swift; path = KeychainStore.swift; sourceTree = "<group>"; };
		60A73096E8434D69ACA1C1CC /* LaunchAtLogin.swift */ = {isa = PBXFileReference; lastKnownFileType = sourcecode.swift; path = LaunchAtLogin.swift; sourceTree = "<group>"; };
		AAAAAAA20000000000000002 /* AppInfo.swift */ = {isa = PBXFileReference; lastKnownFileType = sourcecode.swift; path = AppInfo.swift; sourceTree = "<group>"; };
		1F87485AF1EC43D18DB40CE0 /* SettingsStore.swift */ = {isa = PBXFileReference; lastKnownFileType = sourcecode.swift; path = SettingsStore.swift; sourceTree = "<group>"; };
		7395E0C47AE5491BA915FA1B /* ClipboardStore.swift */ = {isa = PBXFileReference; lastKnownFileType = sourcecode.swift; path = ClipboardStore.swift; sourceTree = "<group>"; };
		BD7289B44E324A5093B2BE2E /* ClipboardView.swift */ = {isa = PBXFileReference; lastKnownFileType = sourcecode.swift; path = ClipboardView.swift; sourceTree = "<group>"; };
		688E46077D6B4428B72D9D9A /* ColorHistoryStore.swift */ = {isa = PBXFileReference; lastKnownFileType = sourcecode.swift; path = ColorHistoryStore.swift; sourceTree = "<group>"; };
		C9B45AF0940349AC9D3BA691 /* ColorPickerService.swift */ = {isa = PBXFileReference; lastKnownFileType = sourcecode.swift; path = ColorPickerService.swift; sourceTree = "<group>"; };
		9EE0EC01BCA648068B730890 /* OCRService.swift */ = {isa = PBXFileReference; lastKnownFileType = sourcecode.swift; path = OCRService.swift; sourceTree = "<group>"; };
		37D33A55713842E1BD7FCC03 /* AnnotationCanvas.swift */ = {isa = PBXFileReference; lastKnownFileType = sourcecode.swift; path = AnnotationCanvas.swift; sourceTree = "<group>"; };
		ED5EFC18D3A745F9A87C397B /* AnnotationModels.swift */ = {isa = PBXFileReference; lastKnownFileType = sourcecode.swift; path = AnnotationModels.swift; sourceTree = "<group>"; };
		8736382FE4C246BC89C4A6AC /* PinnedImageController.swift */ = {isa = PBXFileReference; lastKnownFileType = sourcecode.swift; path = PinnedImageController.swift; sourceTree = "<group>"; };
		5B8F5793251C419E8DD95480 /* RetinaImage.swift */ = {isa = PBXFileReference; lastKnownFileType = sourcecode.swift; path = RetinaImage.swift; sourceTree = "<group>"; };
		09719F5E20E14BD582D595A6 /* ScreenshotEditorController.swift */ = {isa = PBXFileReference; lastKnownFileType = sourcecode.swift; path = ScreenshotEditorController.swift; sourceTree = "<group>"; };
		5417A78FEF4B4D2DAA0326DC /* ScreenshotEditorView.swift */ = {isa = PBXFileReference; lastKnownFileType = sourcecode.swift; path = ScreenshotEditorView.swift; sourceTree = "<group>"; };
		60660D43E2364217BB9AAAF1 /* ScreenshotService.swift */ = {isa = PBXFileReference; lastKnownFileType = sourcecode.swift; path = ScreenshotService.swift; sourceTree = "<group>"; };
		FEB20641AF684CD49D74E2BC /* ScreenshotSettings.swift */ = {isa = PBXFileReference; lastKnownFileType = sourcecode.swift; path = ScreenshotSettings.swift; sourceTree = "<group>"; };
		AAAAAAA10000000000000002 /* EditorDraftStore.swift */ = {isa = PBXFileReference; lastKnownFileType = sourcecode.swift; path = EditorDraftStore.swift; sourceTree = "<group>"; };
		C892BEADA05E4F55A416A7F4 /* HotKeyRecorderView.swift */ = {isa = PBXFileReference; lastKnownFileType = sourcecode.swift; path = HotKeyRecorderView.swift; sourceTree = "<group>"; };
		4272B4B4AF0D4F2D8C0410C7 /* SettingsView.swift */ = {isa = PBXFileReference; lastKnownFileType = sourcecode.swift; path = SettingsView.swift; sourceTree = "<group>"; };
		D3E93B60C92A4F35A0DBA53B /* SettingsWindowController.swift */ = {isa = PBXFileReference; lastKnownFileType = sourcecode.swift; path = SettingsWindowController.swift; sourceTree = "<group>"; };
		146C92C0D63146B693E03B52 /* TimestampView.swift */ = {isa = PBXFileReference; lastKnownFileType = sourcecode.swift; path = TimestampView.swift; sourceTree = "<group>"; };
		AAAAAAA40000000000000002 /* NoteStore.swift */ = {isa = PBXFileReference; lastKnownFileType = sourcecode.swift; path = NoteStore.swift; sourceTree = "<group>"; };
		AAAAAAA40000000000000004 /* NoteView.swift */ = {isa = PBXFileReference; lastKnownFileType = sourcecode.swift; path = NoteView.swift; sourceTree = "<group>"; };
		D35DC8D6538146358AF81586 /* TranslateView.swift */ = {isa = PBXFileReference; lastKnownFileType = sourcecode.swift; path = TranslateView.swift; sourceTree = "<group>"; };
		BAA5995D815645D996322B9C /* CommandPaletteController.swift */ = {isa = PBXFileReference; lastKnownFileType = sourcecode.swift; path = CommandPaletteController.swift; sourceTree = "<group>"; };
		743CC1BF35C448408D1F0709 /* FloatingBallController.swift */ = {isa = PBXFileReference; lastKnownFileType = sourcecode.swift; path = FloatingBallController.swift; sourceTree = "<group>"; };
		2D32B580F1EE4AABBB735B41 /* ZToolsLogo.swift */ = {isa = PBXFileReference; lastKnownFileType = sourcecode.swift; path = ZToolsLogo.swift; sourceTree = "<group>"; };
		39BBEB5E56964A08AF991A90 /* ToolPanelController.swift */ = {isa = PBXFileReference; lastKnownFileType = sourcecode.swift; path = ToolPanelController.swift; sourceTree = "<group>"; };
		AF8591074500490B97C03870 /* AIProvider.swift */ = {isa = PBXFileReference; lastKnownFileType = sourcecode.swift; path = AIProvider.swift; sourceTree = "<group>"; };
		4B0C6F02BD4948368943E0CC /* TranslateService.swift */ = {isa = PBXFileReference; lastKnownFileType = sourcecode.swift; path = TranslateService.swift; sourceTree = "<group>"; };
		43445E56DCCA4003AF8C8A4A /* PasteboardMonitor.swift */ = {isa = PBXFileReference; lastKnownFileType = sourcecode.swift; path = PasteboardMonitor.swift; sourceTree = "<group>"; };
		0F2B8967BAFD4AA3A90B0E42 /* URLRouter.swift */ = {isa = PBXFileReference; lastKnownFileType = sourcecode.swift; path = URLRouter.swift; sourceTree = "<group>"; };
		3951364987144E3EBC7A06D7 /* UpdateChecker.swift */ = {isa = PBXFileReference; lastKnownFileType = sourcecode.swift; path = UpdateChecker.swift; sourceTree = "<group>"; };
		CDF6842B4AA54DEDBC62A08F /* Assets.xcassets */ = {isa = PBXFileReference; lastKnownFileType = folder.assetcatalog; path = Assets.xcassets; sourceTree = "<group>"; };
		AAAAAAA30000000000000001 /* Localizable.xcstrings */ = {isa = PBXFileReference; lastKnownFileType = text.json.xcstrings; path = Localizable.xcstrings; sourceTree = "<group>"; };
		AAAAAAAA0000000000000001 /* ClipboardStoreTests.swift */ = {isa = PBXFileReference; lastKnownFileType = sourcecode.swift; path = ClipboardStoreTests.swift; sourceTree = "<group>"; };
		AAAAAAAA0000000000000002 /* ScreenCoordinateTests.swift */ = {isa = PBXFileReference; lastKnownFileType = sourcecode.swift; path = ScreenCoordinateTests.swift; sourceTree = "<group>"; };
		AAAAAAAA0000000000000003 /* KeyChordTests.swift */ = {isa = PBXFileReference; lastKnownFileType = sourcecode.swift; path = KeyChordTests.swift; sourceTree = "<group>"; };
		AAAAAAA40000000000000006 /* NoteStoreTests.swift */ = {isa = PBXFileReference; lastKnownFileType = sourcecode.swift; path = NoteStoreTests.swift; sourceTree = "<group>"; };
		DDDDDDDD0000000000000001 /* zToolsTests.xctest */ = {isa = PBXFileReference; explicitFileType = wrapper.cfbundle; includeInIndex = 0; path = zToolsTests.xctest; sourceTree = BUILT_PRODUCTS_DIR; };
		2B3F47F4C9E54C2C8671ABC9 /* Info.plist */ = {isa = PBXFileReference; lastKnownFileType = text.plist.xml; path = Info.plist; sourceTree = "<group>"; };
		839388723D734CB68AB3DD2F /* zTools.entitlements */ = {isa = PBXFileReference; lastKnownFileType = text.plist.entitlements; path = zTools.entitlements; sourceTree = "<group>"; };
		2758BB934ACA4EE3868C8D12 /* zTools.app */ = {isa = PBXFileReference; explicitFileType = wrapper.application; includeInIndex = 0; path = zTools.app; sourceTree = BUILT_PRODUCTS_DIR; };
		7793D41FC1EE419289BA1A12 /* Frameworks */ = {isa = PBXFrameworksBuildPhase; buildActionMask = 2147483647; files = (); runOnlyForDeploymentPostprocessing = 0; };
		D0A029366D124F6C8FC61BD7 = {isa = PBXGroup; children = (F13996B80E064553A68E694B /* zTools */, CCCCCCCC0000000000000001 /* zToolsTests */, F6562DE90F9246B1BFE48F1D /* Products */,); sourceTree = "<group>"; };
		F6562DE90F9246B1BFE48F1D /* Products */ = {isa = PBXGroup; children = (2758BB934ACA4EE3868C8D12 /* zTools.app */, DDDDDDDD0000000000000001 /* zToolsTests.xctest */,); name = Products; sourceTree = "<group>"; };
		CCCCCCCC0000000000000001 /* zToolsTests */ = {isa = PBXGroup; children = (AAAAAAAA0000000000000001 /* ClipboardStoreTests.swift */, AAAAAAAA0000000000000002 /* ScreenCoordinateTests.swift */, AAAAAAAA0000000000000003 /* KeyChordTests.swift */, AAAAAAA40000000000000006 /* NoteStoreTests.swift */,); path = zToolsTests; sourceTree = "<group>"; };
		F13996B80E064553A68E694B /* zTools */ = {isa = PBXGroup; children = (40ED598EDC5C47519BBFEB98 /* App */, 0794F55511054DFEA567586F /* Core */, 6D4BC6987A7E406FB5FB5B12 /* Features */, F11D5DD7E12B404C8C0C4E38 /* Overlay */, FFFC7BB3FC984F598AFD992B /* Resources */, 1B49B3A54A4C42A7BAF092BB /* Services */, 2B3F47F4C9E54C2C8671ABC9 /* Info.plist */, 839388723D734CB68AB3DD2F /* zTools.entitlements */,); path = zTools; sourceTree = "<group>"; };
		40ED598EDC5C47519BBFEB98 /* App */ = {isa = PBXGroup; children = (BBCDD2C9FFDE4EEB93313F6E /* AppDelegate.swift */, B167AD6D09174CE5B6A3BBD7 /* AppState.swift */, 61E13CE3B6174FC6971EF9A3 /* MenuBarContentView.swift */, 230976E192134F98A5C002FB /* zToolsApp.swift */,); path = App; sourceTree = "<group>"; };
		0794F55511054DFEA567586F /* Core */ = {isa = PBXGroup; children = (2D55F34707EB4164BAB36B7F /* HotKeys */, 4E3F0B1BE35A47A3A3CBCF8B /* Permissions */, BA487D90414E43068853DF88 /* Settings */, 586396AECE4C4B14ADB13347 /* Storage */, AAAAAAA20000000000000002 /* AppInfo.swift */,); path = Core; sourceTree = "<group>"; };
		2D55F34707EB4164BAB36B7F /* HotKeys */ = {isa = PBXGroup; children = (4523B1FD55EB4B619339CEEE /* HotKeyManager.swift */, 96745A6DDE83486784360D86 /* KeyChord.swift */,); path = HotKeys; sourceTree = "<group>"; };
		4E3F0B1BE35A47A3A3CBCF8B /* Permissions */ = {isa = PBXGroup; children = (2B12462FE88E4C72A167ADA1 /* PermissionHelper.swift */, C1F5642232F04A859D70AD92 /* SelectionHelper.swift */,); path = Permissions; sourceTree = "<group>"; };
		BA487D90414E43068853DF88 /* Settings */ = {isa = PBXGroup; children = (3DBE6452DF494483899B0B46 /* KeychainStore.swift */, 60A73096E8434D69ACA1C1CC /* LaunchAtLogin.swift */, 1F87485AF1EC43D18DB40CE0 /* SettingsStore.swift */,); path = Settings; sourceTree = "<group>"; };
		586396AECE4C4B14ADB13347 /* Storage */ = {isa = PBXGroup; children = (7395E0C47AE5491BA915FA1B /* ClipboardStore.swift */,); path = Storage; sourceTree = "<group>"; };
		6D4BC6987A7E406FB5FB5B12 /* Features */ = {isa = PBXGroup; children = (02624949A657489EA8B1CBA1 /* Clipboard */, 9858B999A9F448F38B36D3C5 /* ColorPicker */, 7542EF5BDCF146A0A6243CCD /* OCR */, AAAAAAA40000000000000005 /* Note */, 986250108AAB42AF8A971928 /* Screenshot */, BBF49117CE2247DA918F30A1 /* Settings */, AC8CD40656694E089F2CB762 /* Timestamp */, 8AF89D95681840EA9DF32695 /* Translate */,); path = Features; sourceTree = "<group>"; };
		02624949A657489EA8B1CBA1 /* Clipboard */ = {isa = PBXGroup; children = (BD7289B44E324A5093B2BE2E /* ClipboardView.swift */,); path = Clipboard; sourceTree = "<group>"; };
		9858B999A9F448F38B36D3C5 /* ColorPicker */ = {isa = PBXGroup; children = (688E46077D6B4428B72D9D9A /* ColorHistoryStore.swift */, C9B45AF0940349AC9D3BA691 /* ColorPickerService.swift */,); path = ColorPicker; sourceTree = "<group>"; };
		7542EF5BDCF146A0A6243CCD /* OCR */ = {isa = PBXGroup; children = (9EE0EC01BCA648068B730890 /* OCRService.swift */,); path = OCR; sourceTree = "<group>"; };
		986250108AAB42AF8A971928 /* Screenshot */ = {isa = PBXGroup; children = (37D33A55713842E1BD7FCC03 /* AnnotationCanvas.swift */, ED5EFC18D3A745F9A87C397B /* AnnotationModels.swift */, 8736382FE4C246BC89C4A6AC /* PinnedImageController.swift */, 5B8F5793251C419E8DD95480 /* RetinaImage.swift */, 09719F5E20E14BD582D595A6 /* ScreenshotEditorController.swift */, 5417A78FEF4B4D2DAA0326DC /* ScreenshotEditorView.swift */, 60660D43E2364217BB9AAAF1 /* ScreenshotService.swift */, FEB20641AF684CD49D74E2BC /* ScreenshotSettings.swift */, AAAAAAA10000000000000002 /* EditorDraftStore.swift */,); path = Screenshot; sourceTree = "<group>"; };
		BBF49117CE2247DA918F30A1 /* Settings */ = {isa = PBXGroup; children = (C892BEADA05E4F55A416A7F4 /* HotKeyRecorderView.swift */, 4272B4B4AF0D4F2D8C0410C7 /* SettingsView.swift */, D3E93B60C92A4F35A0DBA53B /* SettingsWindowController.swift */,); path = Settings; sourceTree = "<group>"; };
		AC8CD40656694E089F2CB762 /* Timestamp */ = {isa = PBXGroup; children = (146C92C0D63146B693E03B52 /* TimestampView.swift */,); path = Timestamp; sourceTree = "<group>"; };
		8AF89D95681840EA9DF32695 /* Translate */ = {isa = PBXGroup; children = (D35DC8D6538146358AF81586 /* TranslateView.swift */,); path = Translate; sourceTree = "<group>"; };
		AAAAAAA40000000000000005 /* Note */ = {isa = PBXGroup; children = (AAAAAAA40000000000000002 /* NoteStore.swift */, AAAAAAA40000000000000004 /* NoteView.swift */,); path = Note; sourceTree = "<group>"; };
		F11D5DD7E12B404C8C0C4E38 /* Overlay */ = {isa = PBXGroup; children = (C8C6BB23D75945FBB6D365D7 /* CommandPalette */, B2F3E278A33345A7A6B2D7A6 /* FloatingBall */, F9283F10B71D4B5C94098DD5 /* ToolPanel */,); path = Overlay; sourceTree = "<group>"; };
		C8C6BB23D75945FBB6D365D7 /* CommandPalette */ = {isa = PBXGroup; children = (BAA5995D815645D996322B9C /* CommandPaletteController.swift */,); path = CommandPalette; sourceTree = "<group>"; };
		B2F3E278A33345A7A6B2D7A6 /* FloatingBall */ = {isa = PBXGroup; children = (743CC1BF35C448408D1F0709 /* FloatingBallController.swift */, 2D32B580F1EE4AABBB735B41 /* ZToolsLogo.swift */,); path = FloatingBall; sourceTree = "<group>"; };
		F9283F10B71D4B5C94098DD5 /* ToolPanel */ = {isa = PBXGroup; children = (39BBEB5E56964A08AF991A90 /* ToolPanelController.swift */,); path = ToolPanel; sourceTree = "<group>"; };
		FFFC7BB3FC984F598AFD992B /* Resources */ = {isa = PBXGroup; children = (CDF6842B4AA54DEDBC62A08F /* Assets.xcassets */, AAAAAAA30000000000000001 /* Localizable.xcstrings */,); path = Resources; sourceTree = "<group>"; };
		1B49B3A54A4C42A7BAF092BB /* Services */ = {isa = PBXGroup; children = (627FE8DDC69E45DAA53D9D1C /* AI */, 43445E56DCCA4003AF8C8A4A /* PasteboardMonitor.swift */, 0F2B8967BAFD4AA3A90B0E42 /* URLRouter.swift */, 3951364987144E3EBC7A06D7 /* UpdateChecker.swift */,); path = Services; sourceTree = "<group>"; };
		627FE8DDC69E45DAA53D9D1C /* AI */ = {isa = PBXGroup; children = (AF8591074500490B97C03870 /* AIProvider.swift */, 4B0C6F02BD4948368943E0CC /* TranslateService.swift */,); path = AI; sourceTree = "<group>"; };
		8241A469A9FC4AB9BE57F2BD /* zTools */ = {isa = PBXNativeTarget; buildConfigurationList = 7E3F52ABDF8341008853850B; buildPhases = (CD7BE6BF980344E4859A6292 /* Sources */, 7793D41FC1EE419289BA1A12 /* Frameworks */, E75E26F1428446939A45D6A8 /* Resources */,); buildRules = (); dependencies = (); name = zTools; productName = zTools; productReference = 2758BB934ACA4EE3868C8D12; productType = "com.apple.product-type.application"; };
		EEEEEEEE0000000000000001 /* zToolsTests */ = {isa = PBXNativeTarget; buildConfigurationList = 111111110000000000000001 /* Build configuration list for PBXNativeTarget "zToolsTests" */; buildPhases = (FFFFFFFF0000000000000001 /* Sources */, FFFFFFFF0000000000000002 /* Frameworks */,); buildRules = (); dependencies = (222222220000000000000001 /* PBXTargetDependency */,); name = zToolsTests; productName = zToolsTests; productReference = DDDDDDDD0000000000000001 /* zToolsTests.xctest */; productType = "com.apple.product-type.bundle.unit-test"; };
		3BEA4FA6AAC7440B910F1021 /* Project object */ = {isa = PBXProject; attributes = {BuildIndependentTargetsInParallel = 1; LastUpgradeCheck = 1600;}; buildConfigurationList = 0B8A94E7614E4441A45869E2; compatibilityVersion = "Xcode 14.0"; developmentRegion = "zh-Hans"; hasScannedForEncodings = 0; knownRegions = (en, Base, "zh-Hans",); mainGroup = D0A029366D124F6C8FC61BD7; productRefGroup = F6562DE90F9246B1BFE48F1D; projectDirPath = ""; projectRoot = ""; 		targets = (8241A469A9FC4AB9BE57F2BD /* zTools */, EEEEEEEE0000000000000001 /* zToolsTests */,); };
		E75E26F1428446939A45D6A8 /* Resources */ = {isa = PBXResourcesBuildPhase; buildActionMask = 2147483647; files = (514F31ECC198422F82AFC664 /* Assets.xcassets in Resources */, AAAAAAA30000000000000002 /* Localizable.xcstrings in Resources */,); runOnlyForDeploymentPostprocessing = 0; };
		CD7BE6BF980344E4859A6292 /* Sources */ = {isa = PBXSourcesBuildPhase; buildActionMask = 2147483647; files = (A045423163564E56999E1FED /* AppDelegate.swift in Sources */, BF89D909DE274A4E8C0D9DDB /* AppState.swift in Sources */, AFCA21AC36B34DABAB793B0B /* MenuBarContentView.swift in Sources */, 3DFB437F36CA43B8B9CE2F23 /* zToolsApp.swift in Sources */, 5BD3D6C8D977455AA6603D8B /* HotKeyManager.swift in Sources */, A16B9226DB154269A381E3E1 /* KeyChord.swift in Sources */, 1330CB660D5741EAB82A2AAA /* PermissionHelper.swift in Sources */, 93DD7B280CA8407B9A443ED3 /* SelectionHelper.swift in Sources */, C8F6AC16F3CE481EAA063CFA /* KeychainStore.swift in Sources */, 5A904023B16B4ACCBCA74A94 /* LaunchAtLogin.swift in Sources */, 772A21DABB9F42E585AD6F04 /* SettingsStore.swift in Sources */, AAAAAAA20000000000000001 /* AppInfo.swift in Sources */, 214E9BF372414EC78040F8C2 /* ClipboardStore.swift in Sources */, 8E4D451E280C413B8BA638DE /* ClipboardView.swift in Sources */, 3B3BDF1F00624C4FAFD1BE3D /* ColorHistoryStore.swift in Sources */, D1BFFA853D23431E92531214 /* ColorPickerService.swift in Sources */, 9A2FC26E53334B4288AFEF4E /* OCRService.swift in Sources */, 0B14EEE811254E36AF22AAF1 /* AnnotationCanvas.swift in Sources */, 9F891F0B488940F9A5C5BB43 /* AnnotationModels.swift in Sources */, A94C9041D8DB431B9ED0B586 /* PinnedImageController.swift in Sources */, 76BA1D45720641BB96750F40 /* RetinaImage.swift in Sources */, 8389703B77FB47CD880E13DA /* ScreenshotEditorController.swift in Sources */, A2D9774B61E34EC0A3C5C895 /* ScreenshotEditorView.swift in Sources */, 25644FB323DB4A0FB2A479E0 /* ScreenshotService.swift in Sources */, ADC16FA6CFD44D179ED130C0 /* ScreenshotSettings.swift in Sources */, AAAAAAA10000000000000001 /* EditorDraftStore.swift in Sources */, D30F8403F3A5484F9562EBD6 /* HotKeyRecorderView.swift in Sources */, 889759B3818D41949807C102 /* SettingsView.swift in Sources */, AC6DE476A61B4C9AA3F6232F /* SettingsWindowController.swift in Sources */, 81D96459B8044384A1CD881F /* TimestampView.swift in Sources */, AAAAAAA40000000000000001 /* NoteStore.swift in Sources */, AAAAAAA40000000000000003 /* NoteView.swift in Sources */, 9B8C6732E2FC49B89C49704E /* TranslateView.swift in Sources */, DF7CB462EEE7402CB47671EE /* CommandPaletteController.swift in Sources */, 4682E0892F8041A4BCDA2A64 /* FloatingBallController.swift in Sources */, FF4F1770842C4338A0CE9728 /* ZToolsLogo.swift in Sources */, 6F364F8A2CC04388A3FE02A4 /* ToolPanelController.swift in Sources */, 182B943C9E6B4F37BBE51073 /* AIProvider.swift in Sources */, F4AD1093540447329494D84C /* TranslateService.swift in Sources */, F9869D970A064E1C90B3E1FA /* PasteboardMonitor.swift in Sources */, DFC2E31937E940B09B533156 /* URLRouter.swift in Sources */, ABAF1148B7E4479CB32986FE /* UpdateChecker.swift in Sources */,); runOnlyForDeploymentPostprocessing = 0; };
		87B7623D6AE745E29B8DBF6C /* Debug */ = {isa = XCBuildConfiguration; buildSettings = {ALWAYS_SEARCH_USER_PATHS = NO; CLANG_ENABLE_MODULES = YES; COPY_PHASE_STRIP = NO; DEBUG_INFORMATION_FORMAT = dwarf; ENABLE_TESTABILITY = YES; MACOSX_DEPLOYMENT_TARGET = 15.0; ONLY_ACTIVE_ARCH = YES; SDKROOT = macosx; SWIFT_ACTIVE_COMPILATION_CONDITIONS = DEBUG; SWIFT_OPTIMIZATION_LEVEL = "-Onone";}; name = Debug; };
		F7A351C2C1EF46E4A54DABEB /* Release */ = {isa = XCBuildConfiguration; buildSettings = {ALWAYS_SEARCH_USER_PATHS = NO; CLANG_ENABLE_MODULES = YES; COPY_PHASE_STRIP = NO; DEBUG_INFORMATION_FORMAT = "dwarf-with-dsym"; MACOSX_DEPLOYMENT_TARGET = 15.0; SDKROOT = macosx; SWIFT_COMPILATION_MODE = wholemodule;}; name = Release; };
		4434B8C0F0F343D19984083E /* Debug */ = {isa = XCBuildConfiguration; buildSettings = {ASSETCATALOG_COMPILER_APPICON_NAME = AppIcon; ASSETCATALOG_COMPILER_GLOBAL_ACCENT_COLOR_NAME = AccentColor; CODE_SIGN_ENTITLEMENTS = zTools/zTools.entitlements; CODE_SIGN_IDENTITY = "-"; CODE_SIGN_STYLE = Manual; COMBINE_HIDPI_IMAGES = YES; CURRENT_PROJECT_VERSION = 6; ENABLE_DEBUG_DYLIB = NO; ENABLE_HARDENED_RUNTIME = NO; GENERATE_INFOPLIST_FILE = NO; INFOPLIST_FILE = zTools/Info.plist; LD_RUNPATH_SEARCH_PATHS = ("$(inherited)", "@executable_path/../Frameworks",); MACOSX_DEPLOYMENT_TARGET = 15.0; MARKETING_VERSION = 0.6.0; PRODUCT_BUNDLE_IDENTIFIER = com.zeno.ztools; PRODUCT_NAME = "$(TARGET_NAME)"; SWIFT_VERSION = 5.0;}; name = Debug; };
		713244811B414CD993A20123 /* Release */ = {isa = XCBuildConfiguration; buildSettings = {ASSETCATALOG_COMPILER_APPICON_NAME = AppIcon; ASSETCATALOG_COMPILER_GLOBAL_ACCENT_COLOR_NAME = AccentColor; CODE_SIGN_ENTITLEMENTS = zTools/zTools.entitlements; CODE_SIGN_IDENTITY = "-"; CODE_SIGN_STYLE = Manual; COMBINE_HIDPI_IMAGES = YES; CURRENT_PROJECT_VERSION = 6; ENABLE_DEBUG_DYLIB = NO; ENABLE_HARDENED_RUNTIME = NO; GENERATE_INFOPLIST_FILE = NO; INFOPLIST_FILE = zTools/Info.plist; LD_RUNPATH_SEARCH_PATHS = ("$(inherited)", "@executable_path/../Frameworks",); MACOSX_DEPLOYMENT_TARGET = 15.0; MARKETING_VERSION = 0.6.0; PRODUCT_BUNDLE_IDENTIFIER = com.zeno.ztools; PRODUCT_NAME = "$(TARGET_NAME)"; SWIFT_VERSION = 5.0;}; name = Release; };
		0B8A94E7614E4441A45869E2 = {isa = XCConfigurationList; buildConfigurations = (87B7623D6AE745E29B8DBF6C /* Debug */, F7A351C2C1EF46E4A54DABEB /* Release */,); defaultConfigurationIsVisible = 0; defaultConfigurationName = Release; };
		7E3F52ABDF8341008853850B = {isa = XCConfigurationList; buildConfigurations = (4434B8C0F0F343D19984083E /* Debug */, 713244811B414CD993A20123 /* Release */,); defaultConfigurationIsVisible = 0; defaultConfigurationName = Release; };
		FFFFFFFF0000000000000001 /* Sources */ = {isa = PBXSourcesBuildPhase; buildActionMask = 2147483647; files = (BBBBBBBB0000000000000001 /* ClipboardStoreTests.swift in Sources */, BBBBBBBB0000000000000002 /* ScreenCoordinateTests.swift in Sources */, BBBBBBBB0000000000000003 /* KeyChordTests.swift in Sources */, AAAAAAA40000000000000007 /* NoteStoreTests.swift in Sources */,); runOnlyForDeploymentPostprocessing = 0; };
		FFFFFFFF0000000000000002 /* Frameworks */ = {isa = PBXFrameworksBuildPhase; buildActionMask = 2147483647; files = (); runOnlyForDeploymentPostprocessing = 0; };
		222222220000000000000001 /* PBXTargetDependency */ = {isa = PBXTargetDependency; target = 8241A469A9FC4AB9BE57F2BD /* zTools */; targetProxy = 222222220000000000000002 /* PBXContainerItemProxy */; };
		222222220000000000000002 /* PBXContainerItemProxy */ = {isa = PBXContainerItemProxy; containerPortal = 3BEA4FA6AAC7440B910F1021 /* Project object */; proxyType = 1; remoteGlobalIDString = 8241A469A9FC4AB9BE57F2BD; remoteInfo = zTools; };
		111111110000000000000001 /* Build configuration list for PBXNativeTarget "zToolsTests" */ = {isa = XCConfigurationList; buildConfigurations = (111111110000000000000002 /* Debug */, 111111110000000000000003 /* Release */,); defaultConfigurationIsVisible = 0; defaultConfigurationName = Release; };
		111111110000000000000002 /* Debug */ = {isa = XCBuildConfiguration; buildSettings = {BUNDLE_LOADER = "$(TEST_HOST)"; CODE_SIGN_IDENTITY = "-"; CODE_SIGN_STYLE = Manual; GENERATE_INFOPLIST_FILE = YES; MACOSX_DEPLOYMENT_TARGET = 15.0; PRODUCT_BUNDLE_IDENTIFIER = com.zeno.ztoolsTests; PRODUCT_NAME = "$(TARGET_NAME)"; SWIFT_VERSION = 5.0; TEST_HOST = "$(BUILT_PRODUCTS_DIR)/zTools.app/Contents/MacOS/zTools";}; name = Debug; };
		111111110000000000000003 /* Release */ = {isa = XCBuildConfiguration; buildSettings = {BUNDLE_LOADER = "$(TEST_HOST)"; CODE_SIGN_IDENTITY = "-"; CODE_SIGN_STYLE = Manual; GENERATE_INFOPLIST_FILE = YES; MACOSX_DEPLOYMENT_TARGET = 15.0; PRODUCT_BUNDLE_IDENTIFIER = com.zeno.ztoolsTests; PRODUCT_NAME = "$(TARGET_NAME)"; SWIFT_VERSION = 5.0; TEST_HOST = "$(BUILT_PRODUCTS_DIR)/zTools.app/Contents/MacOS/zTools";}; name = Release; };
	};
	rootObject = 3BEA4FA6AAC7440B910F1021 /* Project object */;
}
